
Microsoft Visual Studio Solution File, Format Version 12.00
# Visual Studio 15
Project("{FAE04EC0-301F-11D3-BF4B-00C04F79EFBC}") = "Assembly-CSharp", "Assembly-CSharp.csproj", "{AA13941A-7EC1-B7D7-B7F1-591A6D083384}"
EndProject
Global
	GlobalSection(SolutionConfigurationPlatforms) = preSolution
		Debug|Any CPU = Debug|Any CPU
		Release|Any CPU = Release|Any CPU
	EndGlobalSection
	GlobalSection(ProjectConfigurationPlatforms) = postSolution
		{AA13941A-7EC1-B7D7-B7F1-591A6D083384}.Debug|Any CPU.ActiveCfg = Debug|Any CPU
		{AA13941A-7EC1-B7D7-B7F1-591A6D083384}.Debug|Any CPU.Build.0 = Debug|Any CPU
		{AA13941A-7EC1-B7D7-B7F1-591A6D083384}.Release|Any CPU.ActiveCfg = Release|Any CPU
		{AA13941A-7EC1-B7D7-B7F1-591A6D083384}.Release|Any CPU.Build.0 = Release|Any CPU
	EndGlobalSection
	GlobalSection(SolutionProperties) = preSolution
		HideSolutionNode = FALSE
	EndGlobalSection
EndGlobal
